// !$*UTF8*$!
{
	archiveVersion = 1;
	classes = {
	};
	objectVersion = 50;
	objects = {

/* Begin PBXBuildFile section */
		9FEB7F4F215E1E7600A93A4D /* AppDelegate.swift in Sources */ = {isa = PBXBuildFile; fileRef = 9FEB7F4E215E1E7600A93A4D /* AppDelegate.swift */; };
		9FEB7F51215E1E7600A93A4D /* ViewController.swift in Sources */ = {isa = PBXBuildFile; fileRef = 9FEB7F50215E1E7600A93A4D /* ViewController.swift */; };
		9FEB7F54215E1E7600A93A4D /* Main.storyboard in Resources */ = {isa = PBXBuildFile; fileRef = 9FEB7F52215E1E7600A93A4D /* Main.storyboard */; };
		9FEB7F59215E1E7900A93A4D /* Assets.xcassets in Resources */ = {isa = PBXBuildFile; fileRef = 9FEB7F58215E1E7900A93A4D /* Assets.xcassets */; };
		9FEB7F5C215E1E7900A93A4D /* LaunchScreen.storyboard in Resources */ = {isa = PBXBuildFile; fileRef = 9FEB7F5A215E1E7900A93A4D /* LaunchScreen.storyboard */; };
		9FEB7F65215E24D200A93A4D /* libsqlite3.tbd in Frameworks */ = {isa = PBXBuildFile; fileRef = 9FEB7F64215E24D200A93A4D /* libsqlite3.tbd */; };
		9FEB7F67215E24EA00A93A4D /* SqliteManger.swift in Sources */ = {isa = PBXBuildFile; fileRef = 9FEB7F66215E24EA00A93A4D /* SqliteManger.swift */; };
		9FEB7F69215E2E1100A93A4D /* EventModel.swift in Sources */ = {isa = PBXBuildFile; fileRef = 9FEB7F68215E2E1100A93A4D /* EventModel.swift */; };
		9FEB7F6B215E30FB00A93A4D /* EventTableViewCell.swift in Sources */ = {isa = PBXBuildFile; fileRef = 9FEB7F6A215E30FB00A93A4D /* EventTableViewCell.swift */; };
/* End PBXBuildFile section */

/* Begin PBXFileReference section */
		9FEB7F4B215E1E7600A93A4D /* Database.app */ = {isa = PBXFileReference; explicitFileType = wrapper.application; includeInIndex = 0; path = Database.app; sourceTree = BUILT_PRODUCTS_DIR; };
		9FEB7F4E215E1E7600A93A4D /* AppDelegate.swift */ = {isa = PBXFileReference; lastKnownFileType = sourcecode.swift; path = AppDelegate.swift; sourceTree = "<group>"; };
		9FEB7F50215E1E7600A93A4D /* ViewController.swift */ = {isa = PBXFileReference; lastKnownFileType = sourcecode.swift; path = ViewController.swift; sourceTree = "<group>"; };
		9FEB7F53215E1E7600A93A4D /* Base */ = {isa = PBXFileReference; lastKnownFileType = file.storyboard; name = Base; path = Base.lproj/Main.storyboard; sourceTree = "<group>"; };
		9FEB7F58215E1E7900A93A4D /* Assets.xcassets */ = {isa = PBXFileReference; lastKnownFileType = folder.assetcatalog; path = Assets.xcassets; sourceTree = "<group>"; };
		9FEB7F5B215E1E7900A93A4D /* Base */ = {isa = PBXFileReference; lastKnownFileType = file.storyboard; name = Base; path = Base.lproj/LaunchScreen.storyboard; sourceTree = "<group>"; };
		9FEB7F5D215E1E7900A93A4D /* Info.plist */ = {isa = PBXFileReference; lastKnownFileType = text.plist.xml; path = Info.plist; sourceTree = "<group>"; };
		9FEB7F64215E24D200A93A4D /* libsqlite3.tbd */ = {isa = PBXFileReference; lastKnownFileType = "sourcecode.text-based-dylib-definition"; name = libsqlite3.tbd; path = usr/lib/libsqlite3.tbd; sourceTree = SDKROOT; };
		9FEB7F66215E24EA00A93A4D /* SqliteManger.swift */ = {isa = PBXFileReference; lastKnownFileType = sourcecode.swift; path = SqliteManger.swift; sourceTree = "<group>"; };
		9FEB7F68215E2E1100A93A4D /* EventModel.swift */ = {isa = PBXFileReference; lastKnownFileType = sourcecode.swift; path = EventModel.swift; sourceTree = "<group>"; };
		9FEB7F6A215E30FB00A93A4D /* EventTableViewCell.swift */ = {isa = PBXFileReference; lastKnownFileType = sourcecode.swift; path = EventTableViewCell.swift; sourceTree = "<group>"; };
/* End PBXFileReference section */

/* Begin PBXFrameworksBuildPhase section */
		9FEB7F48215E1E7600A93A4D /* Frameworks */ = {
			isa = PBXFrameworksBuildPhase;
			buildActionMask = 2147483647;
			files = (
				9FEB7F65215E24D200A93A4D /* libsqlite3.tbd in Frameworks */,
			);
			runOnlyForDeploymentPostprocessing = 0;
		};
/* End PBXFrameworksBuildPhase section */

/* Begin PBXGroup section */
		9FEB7F42215E1E7600A93A4D = {
			isa = PBXGroup;
			children = (
				9FEB7F4D215E1E7600A93A4D /* Database */,
				9FEB7F4C215E1E7600A93A4D /* Products */,
				9FEB7F63215E24D200A93A4D /* Frameworks */,
			);
			sourceTree = "<group>";
		};
		9FEB7F4C215E1E7600A93A4D /* Products */ = {
			isa = PBXGroup;
			children = (
				9FEB7F4B215E1E7600A93A4D /* Database.app */,
			);
			name = Products;
			sourceTree = "<group>";
		};
		9FEB7F4D215E1E7600A93A4D /* Database */ = {
			isa = PBXGroup;
			children = (
				9FEB7F4E215E1E7600A93A4D /* AppDelegate.swift */,
				9FEB7F50215E1E7600A93A4D /* ViewController.swift */,
				9FEB7F52215E1E7600A93A4D /* Main.storyboard */,
				9FEB7F58215E1E7900A93A4D /* Assets.xcassets */,
				9FEB7F5A215E1E7900A93A4D /* LaunchScreen.storyboard */,
				9FEB7F5D215E1E7900A93A4D /* Info.plist */,
				9FEB7F66215E24EA00A93A4D /* SqliteManger.swift */,
				9FEB7F68215E2E1100A93A4D /* EventModel.swift */,
				9FEB7F6A215E30FB00A93A4D /* EventTableViewCell.swift */,
			);
			path = Database;
			sourceTree = "<group>";
		};
		9FEB7F63215E24D200A93A4D /* Frameworks */ = {
			isa = PBXGroup;
			children = (
				9FEB7F64215E24D200A93A4D /* libsqlite3.tbd */,
			);
			name = Frameworks;
			sourceTree = "<group>";
		};
/* End PBXGroup section */

/* Begin PBXNativeTarget section */
		9FEB7F4A215E1E7600A93A4D /* Database */ = {
			isa = PBXNativeTarget;
			buildConfigurationList = 9FEB7F60215E1E7900A93A4D /* Build configuration list for PBXNativeTarget "Database" */;
			buildPhases = (
				9FEB7F47215E1E7600A93A4D /* Sources */,
				9FEB7F48215E1E7600A93A4D /* Frameworks */,
				9FEB7F49215E1E7600A93A4D /* Resources */,
			);
			buildRules = (
			);
			dependencies = (
			);
			name = Database;
			productName = Database;
			productReference = 9FEB7F4B215E1E7600A93A4D /* Database.app */;
			productType = "com.apple.product-type.application";
		};
/* End PBXNativeTarget section */

/* Begin PBXProject section */
		9FEB7F43215E1E7600A93A4D /* Project object */ = {
			isa = PBXProject;
			attributes = {
				LastSwiftUpdateCheck = 1000;
				LastUpgradeCheck = 1000;
				ORGANIZATIONNAME = kiran;
				TargetAttributes = {
					9FEB7F4A215E1E7600A93A4D = {
						CreatedOnToolsVersion = 10.0;
					};
				};
			};
			buildConfigurationList = 9FEB7F46215E1E7600A93A4D /* Build configuration list for PBXProject "Database" */;
			compatibilityVersion = "Xcode 9.3";
			developmentRegion = en;
			hasScannedForEncodings = 0;
			knownRegions = (
				en,
				Base,
			);
			mainGroup = 9FEB7F42215E1E7600A93A4D;
			productRefGroup = 9FEB7F4C215E1E7600A93A4D /* Products */;
			projectDirPath = "";
			projectRoot = "";
			targets = (
				9FEB7F4A215E1E7600A93A4D /* Database */,
			);
		};
/* End PBXProject section */

/* Begin PBXResourcesBuildPhase section */
		9FEB7F49215E1E7600A93A4D /* Resources */ = {
			isa = PBXResourcesBuildPhase;
			buildActionMask = 2147483647;
			files = (
				9FEB7F5C215E1E7900A93A4D /* LaunchScreen.storyboard in Resources */,
				9FEB7F59215E1E7900A93A4D /* Assets.xcassets in Resources */,
				9FEB7F54215E1E7600A93A4D /* Main.storyboard in Resources */,
			);
			runOnlyForDeploymentPostprocessing = 0;
		};
/* End PBXResourcesBuildPhase section */

/* Begin PBXSourcesBuildPhase section */
		9FEB7F47215E1E7600A93A4D /* Sources */ = {
			isa = PBXSourcesBuildPhase;
			buildActionMask = 2147483647;
			files = (
				9FEB7F6B215E30FB00A93A4D /* EventTableViewCell.swift in Sources */,
				9FEB7F51215E1E7600A93A4D /* ViewController.swift in Sources */,
				9FEB7F67215E24EA00A93A4D /* SqliteManger.swift in Sources */,
				9FEB7F4F215E1E7600A93A4D /* AppDelegate.swift in Sources */,
				9FEB7F69215E2E1100A93A4D /* EventModel.swift in Sources */,
			);
			runOnlyForDeploymentPostprocessing = 0;
		};
/* End PBXSourcesBuildPhase section */

/* Begin PBXVariantGroup section */
		9FEB7F52215E1E7600A93A4D /* Main.storyboard */ = {
			isa = PBXVariantGroup;
			children = (
				9FEB7F53215E1E7600A93A4D /* Base */,
			);
			name = Main.storyboard;
			sourceTree = "<group>";
		};
		9FEB7F5A215E1E7900A93A4D /* LaunchScreen.storyboard */ = {
			isa = PBXVariantGroup;
			children = (
				9FEB7F5B215E1E7900A93A4D /* Base */,
			);
			name = LaunchScreen.storyboard;
			sourceTree = "<group>";
		};
/* End PBXVariantGroup section */

/* Begin XCBuildConfiguration section */
		9FEB7F5E215E1E7900A93A4D /* Debug */ = {
			isa = XCBuildConfiguration;
			buildSettings = {
				ALWAYS_SEARCH_USER_PATHS = NO;
				CLANG_ANALYZER_NONNULL = YES;
				CLANG_ANALYZER_NUMBER_OBJECT_CONVERSION = YES_AGGRESSIVE;
				CLANG_CXX_LANGUAGE_STANDARD = "gnu++14";
				CLANG_CXX_LIBRARY = "libc++";
				CLANG_ENABLE_MODULES = YES;
				CLANG_ENABLE_OBJC_ARC = YES;
				CLANG_ENABLE_OBJC_WEAK = YES;
				CLANG_WARN_BLOCK_CAPTURE_AUTORELEASING = YES;
				CLANG_WARN_BOOL_CONVERSION = YES;
				CLANG_WARN_COMMA = YES;
				CLANG_WARN_CONSTANT_CONVERSION = YES;
				CLANG_WARN_DEPRECATED_OBJC_IMPLEMENTATIONS = YES;
				CLANG_WARN_DIRECT_OBJC_ISA_USAGE = YES_ERROR;
				CLANG_WARN_DOCUMENTATION_COMMENTS = YES;
				CLANG_WARN_EMPTY_BODY = YES;
				CLANG_WARN_ENUM_CONVERSION = YES;
				CLANG_WARN_INFINITE_RECURSION = YES;
				CLANG_WARN_INT_CONVERSION = YES;
				CLANG_WARN_NON_LITERAL_NULL_CONVERSION = YES;
				CLANG_WARN_OBJC_IMPLICIT_RETAIN_SELF = YES;
				CLANG_WARN_OBJC_LITERAL_CONVERSION = YES;
				CLANG_WARN_OBJC_ROOT_CLASS = YES_ERROR;
				CLANG_WARN_RANGE_LOOP_ANALYSIS = YES;
				CLANG_WARN_STRICT_PROTOTYPES = YES;
				CLANG_WARN_SUSPICIOUS_MOVE = YES;
				CLANG_WARN_UNGUARDED_AVAILABILITY = YES_AGGRESSIVE;
				CLANG_WARN_UNREACHABLE_CODE = YES;
				CLANG_WARN__DUPLICATE_METHOD_MATCH = YES;
				CODE_SIGN_IDENTITY = "iPhone Developer";
				COPY_PHASE_STRIP = NO;
				DEBUG_INFORMATION_FORMAT = dwarf;
				ENABLE_STRICT_OBJC_MSGSEND = YES;
				ENABLE_TESTABILITY = YES;
				GCC_C_LANGUAGE_STANDARD = gnu11;
				GCC_DYNAMIC_NO_PIC = NO;
				GCC_NO_COMMON_BLOCKS = YES;
				GCC_OPTIMIZATION_LEVEL = 0;
				GCC_PREPROCESSOR_DEFINITIONS = (
					"DEBUG=1",
					"$(inherited)",
				);
				GCC_WARN_64_TO_32_BIT_CONVERSION = YES;
				GCC_WARN_ABOUT_RETURN_TYPE = YES_ERROR;
				GCC_WARN_UNDECLARED_SELECTOR = YES;
				GCC_WARN_UNINITIALIZED_AUTOS = YES_AGGRESSIVE;
				GCC_WARN_UNUSED_FUNCTION = YES;
				GCC_WARN_UNUSED_VARIABLE = YES;
				IPHONEOS_DEPLOYMENT_TARGET = 12.0;
				MTL_ENABLE_DEBUG_INFO = INCLUDE_SOURCE;
				MTL_FAST_MATH = YES;
				ONLY_ACTIVE_ARCH = YES;
				SDKROOT = iphoneos;
				SWIFT_ACTIVE_COMPILATION_CONDITIONS = DEBUG;
				SWIFT_OPTIMIZATION_LEVEL = "-Onone";
			};
			name = Debug;
		};
		9FEB7F5F215E1E7900A93A4D /* Release */ = {
			isa = XCBuildConfiguration;
			buildSettings = {
				ALWAYS_SEARCH_USER_PATHS = NO;
				CLANG_ANALYZER_NONNULL = YES;
				CLANG_ANALYZER_NUMBER_OBJECT_CONVERSION = YES_AGGRESSIVE;
				CLANG_CXX_LANGUAGE_STANDARD = "gnu++14";
				CLANG_CXX_LIBRARY = "libc++";
				CLANG_ENABLE_MODULES = YES;
				CLANG_ENABLE_OBJC_ARC = YES;
				CLANG_ENABLE_OBJC_WEAK = YES;
				CLANG_WARN_BLOCK_CAPTURE_AUTORELEASING = YES;
				CLANG_WARN_BOOL_CONVERSION = YES;
				CLANG_WARN_COMMA = YES;
				CLANG_WARN_CONSTANT_CONVERSION = YES;
				CLANG_WARN_DEPRECATED_OBJC_IMPLEMENTATIONS = YES;
				CLANG_WARN_DIRECT_OBJC_ISA_USAGE = YES_ERROR;
				CLANG_WARN_DOCUMENTATION_COMMENTS = YES;
				CLANG_WARN_EMPTY_BODY = YES;
				CLANG_WARN_ENUM_CONVERSION = YES;
				CLANG_WARN_INFINITE_RECURSION = YES;
				CLANG_WARN_INT_CONVERSION = YES;
				CLANG_WARN_NON_LITERAL_NULL_CONVERSION = YES;
				CLANG_WARN_OBJC_IMPLICIT_RETAIN_SELF = YES;
				CLANG_WARN_OBJC_LITERAL_CONVERSION = YES;
				CLANG_WARN_OBJC_ROOT_CLASS = YES_ERROR;
				CLANG_WARN_RANGE_LOOP_ANALYSIS = YES;
				CLANG_WARN_STRICT_PROTOTYPES = YES;
				CLANG_WARN_SUSPICIOUS_MOVE = YES;
				CLANG_WARN_UNGUARDED_AVAILABILITY = YES_AGGRESSIVE;
				CLANG_WARN_UNREACHABLE_CODE = YES;
				CLANG_WARN__DUPLICATE_METHOD_MATCH = YES;
				CODE_SIGN_IDENTITY = "iPhone Developer";
				COPY_PHASE_STRIP = NO;
				DEBUG_INFORMATION_FORMAT = "dwarf-with-dsym";
				ENABLE_NS_ASSERTIONS = NO;
				ENABLE_STRICT_OBJC_MSGSEND = YES;
				GCC_C_LANGUAGE_STANDARD = gnu11;
				GCC_NO_COMMON_BLOCKS = YES;
				GCC_WARN_64_TO_32_BIT_CONVERSION = YES;
				GCC_WARN_ABOUT_RETURN_TYPE = YES_ERROR;
				GCC_WARN_UNDECLARED_SELECTOR = YES;
				GCC_WARN_UNINITIALIZED_AUTOS = YES_AGGRESSIVE;
				GCC_WARN_UNUSED_FUNCTION = YES;
				GCC_WARN_UNUSED_VARIABLE = YES;
				IPHONEOS_DEPLOYMENT_TARGET = 12.0;
				MTL_ENABLE_DEBUG_INFO = NO;
				MTL_FAST_MATH = YES;
				SDKROOT = iphoneos;
				SWIFT_COMPILATION_MODE = wholemodule;
				SWIFT_OPTIMIZATION_LEVEL = "-O";
				VALIDATE_PRODUCT = YES;
			};
			name = Release;
		};
		9FEB7F61215E1E7900A93A4D /* Debug */ = {
			isa = XCBuildConfiguration;
			buildSettings = {
				ASSETCATALOG_COMPILER_APPICON_NAME = AppIcon;
				CODE_SIGN_STYLE = Automatic;
				INFOPLIST_FILE = Database/Info.plist;
				LD_RUNPATH_SEARCH_PATHS = (
					"$(inherited)",
					"@executable_path/Frameworks",
				);
				PRODUCT_BUNDLE_IDENTIFIER = com.kiranrana.Database;
				PRODUCT_NAME = "$(TARGET_NAME)";
				SWIFT_VERSION = 4.2;
				TARGETED_DEVICE_FAMILY = "1,2";
			};
			name = Debug;
		};
		9FEB7F62215E1E7900A93A4D /* Release */ = {
			isa = XCBuildConfiguration;
			buildSettings = {
				ASSETCATALOG_COMPILER_APPICON_NAME = AppIcon;
				CODE_SIGN_STYLE = Automatic;
				INFOPLIST_FILE = Database/Info.plist;
				LD_RUNPATH_SEARCH_PATHS = (
					"$(inherited)",
					"@executable_path/Frameworks",
				);
				PRODUCT_BUNDLE_IDENTIFIER = com.kiranrana.Database;
				PRODUCT_NAME = "$(TARGET_NAME)";
				SWIFT_VERSION = 4.2;
				TARGETED_DEVICE_FAMILY = "1,2";
			};
			name = Release;
		};
/* End XCBuildConfiguration section */

/* Begin XCConfigurationList section */
		9FEB7F46215E1E7600A93A4D /* Build configuration list for PBXProject "Database" */ = {
			isa = XCConfigurationList;
			buildConfigurations = (
				9FEB7F5E215E1E7900A93A4D /* Debug */,
				9FEB7F5F215E1E7900A93A4D /* Release */,
			);
			defaultConfigurationIsVisible = 0;
			defaultConfigurationName = Release;
		};
		9FEB7F60215E1E7900A93A4D /* Build configuration list for PBXNativeTarget "Database" */ = {
			isa = XCConfigurationList;
			buildConfigurations = (
				9FEB7F61215E1E7900A93A4D /* Debug */,
				9FEB7F62215E1E7900A93A4D /* Release */,
			);
			defaultConfigurationIsVisible = 0;
			defaultConfigurationName = Release;
		};
/* End XCConfigurationList section */
	};
	rootObject = 9FEB7F43215E1E7600A93A4D /* Project object */;
}
